
Microsoft Visual Studio Solution File, Format Version 12.00
# Visual Studio 2013
VisualStudioVersion = 12.0.30501.0
MinimumVisualStudioVersion = 10.0.40219.1
Project("{FAE04EC0-301F-11D3-BF4B-00C04F79EFBC}") = "Acnur.App.Entities", "AcnurData\Acnur.App.Entities\Acnur.App.Entities.csproj", "{CF6ACEC6-0DE4-47EB-B63E-79E632509F78}"
EndProject
Project("{FAE04EC0-301F-11D3-BF4B-00C04F79EFBC}") = "Acnur.App.Implementation", "AcnurData\Acnur.App.Implementation\Acnur.App.Implementation.csproj", "{6194E5B3-2A4B-4498-A7B0-014FE0A8A687}"
EndProject
Project("{FAE04EC0-301F-11D3-BF4B-00C04F79EFBC}") = "Acnur.App.Interfaces", "AcnurData\Acnur.App.Interfaces\Acnur.App.Interfaces.csproj", "{B5FB2339-4BBE-407B-80E9-26AD85C8C16C}"
EndProject
Project("{FAE04EC0-301F-11D3-BF4B-00C04F79EFBC}") = "Acnur.App.Repository", "AcnurData\Acnur.App.Repository\Acnur.App.Repository.csproj", "{373F2394-5981-48D1-84DD-17797EB5A8ED}"
EndProject
Project("{FAE04EC0-301F-11D3-BF4B-00C04F79EFBC}") = "Acnur.App.Repository.Data", "AcnurData\Acnur.App.Repository.Data\Acnur.App.Repository.Data.csproj", "{AB068DA4-811B-427B-BC57-BE93DF15D409}"
EndProject
Project("{54435603-DBB4-11D2-8724-00A0C9A8B90C}") = "ACNUR-WinAppSetup", "AcnurData\Acnur.App.Setup\ACNUR-WinAppSetup.vdproj", "{BB97296C-2491-4B5C-A99E-3B36002FA518}"
EndProject
Project("{FAE04EC0-301F-11D3-BF4B-00C04F79EFBC}") = "Acnur.App.Aplication", "AcnurData\Acnur.App.Aplication\Acnur.App.Aplication.csproj", "{99D25534-8E14-4E67-B9FF-A8EBB2F56376}"
EndProject
Project("{2150E333-8FDC-42A3-9474-1A3956D46DE8}") = "1.Presentation", "1.Presentation", "{4A68E0EA-6A73-4D42-8691-58D1DBC49FFE}"
EndProject
Project("{2150E333-8FDC-42A3-9474-1A3956D46DE8}") = "2.Aplication", "2.Aplication", "{6F3ACA8E-4CC3-44EC-9382-AB9681E39D48}"
EndProject
Project("{2150E333-8FDC-42A3-9474-1A3956D46DE8}") = "3.Proxy", "3.Proxy", "{BC99B1AD-8551-405A-BF94-DF54565CF898}"
EndProject
Project("{2150E333-8FDC-42A3-9474-1A3956D46DE8}") = "4.Facade", "4.Facade", "{D3A55202-C787-44B3-9DBA-66D4618DE6D2}"
EndProject
Project("{2150E333-8FDC-42A3-9474-1A3956D46DE8}") = "5.Domain", "5.Domain", "{F3E21117-4AAA-4236-AEC2-EAB57C04D10A}"
EndProject
Project("{2150E333-8FDC-42A3-9474-1A3956D46DE8}") = "6.Infraestructure", "6.Infraestructure", "{BE60136E-4FC4-4258-8F00-D09D69B074A2}"
EndProject
Project("{2150E333-8FDC-42A3-9474-1A3956D46DE8}") = "7.Distribution", "7.Distribution", "{76241D2F-FBDB-4B79-A83F-356B671CD0C8}"
EndProject
Project("{2150E333-8FDC-42A3-9474-1A3956D46DE8}") = "AddIns", "AddIns", "{E3580382-5D91-47FC-AA71-26346BCC12D3}"
EndProject
Project("{FAE04EC0-301F-11D3-BF4B-00C04F79EFBC}") = "OpenWinApp", "AcnurPresentation\Add-Ins\OpenWinApp\OpenWinApp.csproj", "{D14EC271-880C-484F-840D-DB5254D98A91}"
EndProject
Project("{2150E333-8FDC-42A3-9474-1A3956D46DE8}") = "WinApp", "WinApp", "{D95A1C24-3503-4521-A184-40F60BD94F9D}"
EndProject
Project("{FAE04EC0-301F-11D3-BF4B-00C04F79EFBC}") = "WinApp", "AcnurPresentation\WinApp\WinApp.csproj", "{31463C6E-65CE-4431-9A55-7E06236E826D}"
EndProject
Project("{FAE04EC0-301F-11D3-BF4B-00C04F79EFBC}") = "Acnur.App.Proxy", "AcnurData\Acnur.App.Proxy\Acnur.App.Proxy.csproj", "{D59657C8-0F61-44BE-88A1-51A1A53E6162}"
EndProject
Project("{FAE04EC0-301F-11D3-BF4B-00C04F79EFBC}") = "WinAdministrator", "AcnurPresentation\WinAdministrator\WinAdministrator.csproj", "{318627FB-92E0-46D9-9970-BD5165EA850B}"
EndProject
Global
	GlobalSection(SolutionConfigurationPlatforms) = preSolution
		Debug|Any CPU = Debug|Any CPU
		Release|Any CPU = Release|Any CPU
	EndGlobalSection
	GlobalSection(ProjectConfigurationPlatforms) = postSolution
		{CF6ACEC6-0DE4-47EB-B63E-79E632509F78}.Debug|Any CPU.ActiveCfg = Debug|Any CPU
		{CF6ACEC6-0DE4-47EB-B63E-79E632509F78}.Debug|Any CPU.Build.0 = Debug|Any CPU
		{CF6ACEC6-0DE4-47EB-B63E-79E632509F78}.Release|Any CPU.ActiveCfg = Release|Any CPU
		{CF6ACEC6-0DE4-47EB-B63E-79E632509F78}.Release|Any CPU.Build.0 = Release|Any CPU
		{6194E5B3-2A4B-4498-A7B0-014FE0A8A687}.Debug|Any CPU.ActiveCfg = Debug|Any CPU
		{6194E5B3-2A4B-4498-A7B0-014FE0A8A687}.Debug|Any CPU.Build.0 = Debug|Any CPU
		{6194E5B3-2A4B-4498-A7B0-014FE0A8A687}.Release|Any CPU.ActiveCfg = Release|Any CPU
		{6194E5B3-2A4B-4498-A7B0-014FE0A8A687}.Release|Any CPU.Build.0 = Release|Any CPU
		{B5FB2339-4BBE-407B-80E9-26AD85C8C16C}.Debug|Any CPU.ActiveCfg = Debug|Any CPU
		{B5FB2339-4BBE-407B-80E9-26AD85C8C16C}.Debug|Any CPU.Build.0 = Debug|Any CPU
		{B5FB2339-4BBE-407B-80E9-26AD85C8C16C}.Release|Any CPU.ActiveCfg = Release|Any CPU
		{B5FB2339-4BBE-407B-80E9-26AD85C8C16C}.Release|Any CPU.Build.0 = Release|Any CPU
		{373F2394-5981-48D1-84DD-17797EB5A8ED}.Debug|Any CPU.ActiveCfg = Debug|Any CPU
		{373F2394-5981-48D1-84DD-17797EB5A8ED}.Debug|Any CPU.Build.0 = Debug|Any CPU
		{373F2394-5981-48D1-84DD-17797EB5A8ED}.Release|Any CPU.ActiveCfg = Release|Any CPU
		{373F2394-5981-48D1-84DD-17797EB5A8ED}.Release|Any CPU.Build.0 = Release|Any CPU
		{AB068DA4-811B-427B-BC57-BE93DF15D409}.Debug|Any CPU.ActiveCfg = Debug|Any CPU
		{AB068DA4-811B-427B-BC57-BE93DF15D409}.Debug|Any CPU.Build.0 = Debug|Any CPU
		{AB068DA4-811B-427B-BC57-BE93DF15D409}.Release|Any CPU.ActiveCfg = Release|Any CPU
		{AB068DA4-811B-427B-BC57-BE93DF15D409}.Release|Any CPU.Build.0 = Release|Any CPU
		{BB97296C-2491-4B5C-A99E-3B36002FA518}.Debug|Any CPU.ActiveCfg = Debug
		{BB97296C-2491-4B5C-A99E-3B36002FA518}.Release|Any CPU.ActiveCfg = Release
		{BB97296C-2491-4B5C-A99E-3B36002FA518}.Release|Any CPU.Build.0 = Release
		{99D25534-8E14-4E67-B9FF-A8EBB2F56376}.Debug|Any CPU.ActiveCfg = Debug|Any CPU
		{99D25534-8E14-4E67-B9FF-A8EBB2F56376}.Debug|Any CPU.Build.0 = Debug|Any CPU
		{99D25534-8E14-4E67-B9FF-A8EBB2F56376}.Release|Any CPU.ActiveCfg = Release|Any CPU
		{99D25534-8E14-4E67-B9FF-A8EBB2F56376}.Release|Any CPU.Build.0 = Release|Any CPU
		{D14EC271-880C-484F-840D-DB5254D98A91}.Debug|Any CPU.ActiveCfg = Debug|Any CPU
		{D14EC271-880C-484F-840D-DB5254D98A91}.Debug|Any CPU.Build.0 = Debug|Any CPU
		{D14EC271-880C-484F-840D-DB5254D98A91}.Release|Any CPU.ActiveCfg = Release|Any CPU
		{D14EC271-880C-484F-840D-DB5254D98A91}.Release|Any CPU.Build.0 = Release|Any CPU
		{31463C6E-65CE-4431-9A55-7E06236E826D}.Debug|Any CPU.ActiveCfg = Debug|Any CPU
		{31463C6E-65CE-4431-9A55-7E06236E826D}.Debug|Any CPU.Build.0 = Debug|Any CPU
		{31463C6E-65CE-4431-9A55-7E06236E826D}.Release|Any CPU.ActiveCfg = Release|Any CPU
		{31463C6E-65CE-4431-9A55-7E06236E826D}.Release|Any CPU.Build.0 = Release|Any CPU
		{D59657C8-0F61-44BE-88A1-51A1A53E6162}.Debug|Any CPU.ActiveCfg = Debug|Any CPU
		{D59657C8-0F61-44BE-88A1-51A1A53E6162}.Debug|Any CPU.Build.0 = Debug|Any CPU
		{D59657C8-0F61-44BE-88A1-51A1A53E6162}.Release|Any CPU.ActiveCfg = Release|Any CPU
		{D59657C8-0F61-44BE-88A1-51A1A53E6162}.Release|Any CPU.Build.0 = Release|Any CPU
		{318627FB-92E0-46D9-9970-BD5165EA850B}.Debug|Any CPU.ActiveCfg = Debug|Any CPU
		{318627FB-92E0-46D9-9970-BD5165EA850B}.Debug|Any CPU.Build.0 = Debug|Any CPU
		{318627FB-92E0-46D9-9970-BD5165EA850B}.Release|Any CPU.ActiveCfg = Release|Any CPU
		{318627FB-92E0-46D9-9970-BD5165EA850B}.Release|Any CPU.Build.0 = Release|Any CPU
	EndGlobalSection
	GlobalSection(SolutionProperties) = preSolution
		HideSolutionNode = FALSE
	EndGlobalSection
	GlobalSection(NestedProjects) = preSolution
		{CF6ACEC6-0DE4-47EB-B63E-79E632509F78} = {F3E21117-4AAA-4236-AEC2-EAB57C04D10A}
		{6194E5B3-2A4B-4498-A7B0-014FE0A8A687} = {D3A55202-C787-44B3-9DBA-66D4618DE6D2}
		{B5FB2339-4BBE-407B-80E9-26AD85C8C16C} = {D3A55202-C787-44B3-9DBA-66D4618DE6D2}
		{373F2394-5981-48D1-84DD-17797EB5A8ED} = {BE60136E-4FC4-4258-8F00-D09D69B074A2}
		{AB068DA4-811B-427B-BC57-BE93DF15D409} = {BE60136E-4FC4-4258-8F00-D09D69B074A2}
		{BB97296C-2491-4B5C-A99E-3B36002FA518} = {76241D2F-FBDB-4B79-A83F-356B671CD0C8}
		{99D25534-8E14-4E67-B9FF-A8EBB2F56376} = {6F3ACA8E-4CC3-44EC-9382-AB9681E39D48}
		{E3580382-5D91-47FC-AA71-26346BCC12D3} = {4A68E0EA-6A73-4D42-8691-58D1DBC49FFE}
		{D14EC271-880C-484F-840D-DB5254D98A91} = {E3580382-5D91-47FC-AA71-26346BCC12D3}
		{D95A1C24-3503-4521-A184-40F60BD94F9D} = {4A68E0EA-6A73-4D42-8691-58D1DBC49FFE}
		{31463C6E-65CE-4431-9A55-7E06236E826D} = {D95A1C24-3503-4521-A184-40F60BD94F9D}
		{D59657C8-0F61-44BE-88A1-51A1A53E6162} = {BC99B1AD-8551-405A-BF94-DF54565CF898}
		{318627FB-92E0-46D9-9970-BD5165EA850B} = {D95A1C24-3503-4521-A184-40F60BD94F9D}
	EndGlobalSection
EndGlobal
